
Microsoft Visual Studio Solution File, Format Version 12.00
# Visual Studio Version 16
VisualStudioVersion = 16.0.31424.327
MinimumVisualStudioVersion = 10.0.40219.1
Project("{FAE04EC0-301F-11D3-BF4B-00C04F79EFBC}") = "DevBoard.Server", "DevBoard\Server\DevBoard.Server.csproj", "{3D4C9395-55DE-4BD7-B00E-3300AFBC2CF7}"
EndProject
Project("{FAE04EC0-301F-11D3-BF4B-00C04F79EFBC}") = "DevBoard.Client", "DevBoard\Client\DevBoard.Client.csproj", "{BA9696F7-08FE-4A8C-87BE-9152829A7104}"
EndProject
Project("{FAE04EC0-301F-11D3-BF4B-00C04F79EFBC}") = "DevBoard.Shared", "DevBoard\Shared\DevBoard.Shared.csproj", "{3A7FAB01-5961-4094-93FC-231AC871C9A5}"
EndProject
Global
	GlobalSection(SolutionConfigurationPlatforms) = preSolution
		Debug|Any CPU = Debug|Any CPU
		Release|Any CPU = Release|Any CPU
	EndGlobalSection
	GlobalSection(ProjectConfigurationPlatforms) = postSolution
		{3D4C9395-55DE-4BD7-B00E-3300AFBC2CF7}.Debug|Any CPU.ActiveCfg = Debug|Any CPU
		{3D4C9395-55DE-4BD7-B00E-3300AFBC2CF7}.Debug|Any CPU.Build.0 = Debug|Any CPU
		{3D4C9395-55DE-4BD7-B00E-3300AFBC2CF7}.Release|Any CPU.ActiveCfg = Release|Any CPU
		{3D4C9395-55DE-4BD7-B00E-3300AFBC2CF7}.Release|Any CPU.Build.0 = Release|Any CPU
		{BA9696F7-08FE-4A8C-87BE-9152829A7104}.Debug|Any CPU.ActiveCfg = Debug|Any CPU
		{BA9696F7-08FE-4A8C-87BE-9152829A7104}.Debug|Any CPU.Build.0 = Debug|Any CPU
		{BA9696F7-08FE-4A8C-87BE-9152829A7104}.Release|Any CPU.ActiveCfg = Release|Any CPU
		{BA9696F7-08FE-4A8C-87BE-9152829A7104}.Release|Any CPU.Build.0 = Release|Any CPU
		{3A7FAB01-5961-4094-93FC-231AC871C9A5}.Debug|Any CPU.ActiveCfg = Debug|Any CPU
		{3A7FAB01-5961-4094-93FC-231AC871C9A5}.Debug|Any CPU.Build.0 = Debug|Any CPU
		{3A7FAB01-5961-4094-93FC-231AC871C9A5}.Release|Any CPU.ActiveCfg = Release|Any CPU
		{3A7FAB01-5961-4094-93FC-231AC871C9A5}.Release|Any CPU.Build.0 = Release|Any CPU
	EndGlobalSection
	GlobalSection(SolutionProperties) = preSolution
		HideSolutionNode = FALSE
	EndGlobalSection
	GlobalSection(ExtensibilityGlobals) = postSolution
		SolutionGuid = {4A2E40E7-E2A3-42D5-A2A4-7D21DAC702C7}
	EndGlobalSection
EndGlobal
